
Microsoft Visual Studio Solution File, Format Version 12.00
# Visual Studio Version 17
VisualStudioVersion = 17.11.35222.181
MinimumVisualStudioVersion = 10.0.40219.1
Project("{2150E333-8FDC-42A3-9474-1A3956D46DE8}") = "src", "src", "{A43098A2-12F4-4CCC-98CC-A9A60ABF8C96}"
EndProject
Project("{2150E333-8FDC-42A3-9474-1A3956D46DE8}") = "test", "test", "{E9C3B8CE-6BFF-4B8D-A52A-A03099DFC442}"
EndProject
Project("{9A19103F-16F7-4668-BE54-9A1E7A4F7556}") = "ImageCropper", "src\ImageCropper\ImageCropper.csproj", "{2BAE1692-FB24-438F-9E40-BB0DD11F65D2}"
EndProject
Project("{2150E333-8FDC-42A3-9474-1A3956D46DE8}") = "Solution Items", "Solution Items", "{CB5F0E70-001E-40BF-9D59-318333C158AC}"
	ProjectSection(SolutionItems) = preProject
		README.md = README.md
	EndProjectSection
EndProject
Global
	GlobalSection(SolutionConfigurationPlatforms) = preSolution
		Debug|Any CPU = Debug|Any CPU
		Release|Any CPU = Release|Any CPU
	EndGlobalSection
	GlobalSection(ProjectConfigurationPlatforms) = postSolution
		{2BAE1692-FB24-438F-9E40-BB0DD11F65D2}.Debug|Any CPU.ActiveCfg = Debug|Any CPU
		{2BAE1692-FB24-438F-9E40-BB0DD11F65D2}.Debug|Any CPU.Build.0 = Debug|Any CPU
		{2BAE1692-FB24-438F-9E40-BB0DD11F65D2}.Release|Any CPU.ActiveCfg = Release|Any CPU
		{2BAE1692-FB24-438F-9E40-BB0DD11F65D2}.Release|Any CPU.Build.0 = Release|Any CPU
	EndGlobalSection
	GlobalSection(SolutionProperties) = preSolution
		HideSolutionNode = FALSE
	EndGlobalSection
	GlobalSection(NestedProjects) = preSolution
		{2BAE1692-FB24-438F-9E40-BB0DD11F65D2} = {A43098A2-12F4-4CCC-98CC-A9A60ABF8C96}
	EndGlobalSection
	GlobalSection(ExtensibilityGlobals) = postSolution
		SolutionGuid = {9F8AC244-6DF1-42D1-9031-3115199630C0}
	EndGlobalSection
EndGlobal
